// !$*UTF8*$!
{
	archiveVersion = 1;
	classes = {
	};
	objectVersion = 50;
	objects = {

/* Begin PBXBuildFile section */
		AB232E6B22564D5C00DB12AC /* PageViewQ.h in Headers */ = {isa = PBXBuildFile; fileRef = AB232E6922564D5C00DB12AC /* PageViewQ.h */; settings = {ATTRIBUTES = (Public, ); }; };
		AB232E7622564D7600DB12AC /* PageMenuView.swift in Sources */ = {isa = PBXBuildFile; fileRef = AB232E7122564D7600DB12AC /* PageMenuView.swift */; };
		AB232E7722564D7600DB12AC /* PageViewController.swift in Sources */ = {isa = PBXBuildFile; fileRef = AB232E7222564D7600DB12AC /* PageViewController.swift */; };
		AB232E7822564D7600DB12AC /* PageViewOption.swift in Sources */ = {isa = PBXBuildFile; fileRef = AB232E7322564D7600DB12AC /* PageViewOption.swift */; };
		AB232E7922564D7600DB12AC /* PageViewControllerCell.swift in Sources */ = {isa = PBXBuildFile; fileRef = AB232E7422564D7600DB12AC /* PageViewControllerCell.swift */; };
		AB232E7A22564D7600DB12AC /* PageMenuCell.swift in Sources */ = {isa = PBXBuildFile; fileRef = AB232E7522564D7600DB12AC /* PageMenuCell.swift */; };
		AB232E8222564E6300DB12AC /* AppDelegate.swift in Sources */ = {isa = PBXBuildFile; fileRef = AB232E8122564E6300DB12AC /* AppDelegate.swift */; };
		AB232E8922564E6400DB12AC /* Assets.xcassets in Resources */ = {isa = PBXBuildFile; fileRef = AB232E8822564E6400DB12AC /* Assets.xcassets */; };
		AB232E8C22564E6400DB12AC /* LaunchScreen.storyboard in Resources */ = {isa = PBXBuildFile; fileRef = AB232E8A22564E6400DB12AC /* LaunchScreen.storyboard */; };
		AB232E9722564E6400DB12AC /* DemoUITests.swift in Sources */ = {isa = PBXBuildFile; fileRef = AB232E9622564E6400DB12AC /* DemoUITests.swift */; };
		AB232EA322564F0200DB12AC /* GroupViewController.swift in Sources */ = {isa = PBXBuildFile; fileRef = AB232EA022564F0200DB12AC /* GroupViewController.swift */; };
		AB232EA422564F0200DB12AC /* MessageViewController.swift in Sources */ = {isa = PBXBuildFile; fileRef = AB232EA122564F0200DB12AC /* MessageViewController.swift */; };
		AB232EA522564F0200DB12AC /* OnlineViewController.swift in Sources */ = {isa = PBXBuildFile; fileRef = AB232EA222564F0200DB12AC /* OnlineViewController.swift */; };
/* End PBXBuildFile section */

/* Begin PBXContainerItemProxy section */
		AB232E9322564E6400DB12AC /* PBXContainerItemProxy */ = {
			isa = PBXContainerItemProxy;
			containerPortal = AB232E5D22564D5C00DB12AC /* Project object */;
			proxyType = 1;
			remoteGlobalIDString = AB232E7E22564E6300DB12AC;
			remoteInfo = Demo;
		};
/* End PBXContainerItemProxy section */

/* Begin PBXFileReference section */
		AB232E6622564D5C00DB12AC /* PageViewQ.framework */ = {isa = PBXFileReference; explicitFileType = wrapper.framework; includeInIndex = 0; path = PageViewQ.framework; sourceTree = BUILT_PRODUCTS_DIR; };
		AB232E6922564D5C00DB12AC /* PageViewQ.h */ = {isa = PBXFileReference; lastKnownFileType = sourcecode.c.h; path = PageViewQ.h; sourceTree = "<group>"; };
		AB232E6A22564D5C00DB12AC /* Info.plist */ = {isa = PBXFileReference; lastKnownFileType = text.plist.xml; path = Info.plist; sourceTree = "<group>"; };
		AB232E7122564D7600DB12AC /* PageMenuView.swift */ = {isa = PBXFileReference; fileEncoding = 4; lastKnownFileType = sourcecode.swift; name = PageMenuView.swift; path = ../../PageView/PageView/PageMenuView/PageMenuView.swift; sourceTree = "<group>"; };
		AB232E7222564D7600DB12AC /* PageViewController.swift */ = {isa = PBXFileReference; fileEncoding = 4; lastKnownFileType = sourcecode.swift; name = PageViewController.swift; path = ../../PageView/PageView/PageMenuView/PageViewController.swift; sourceTree = "<group>"; };
		AB232E7322564D7600DB12AC /* PageViewOption.swift */ = {isa = PBXFileReference; fileEncoding = 4; lastKnownFileType = sourcecode.swift; name = PageViewOption.swift; path = ../../PageView/PageView/PageMenuView/PageViewOption.swift; sourceTree = "<group>"; };
		AB232E7422564D7600DB12AC /* PageViewControllerCell.swift */ = {isa = PBXFileReference; fileEncoding = 4; lastKnownFileType = sourcecode.swift; name = PageViewControllerCell.swift; path = ../../PageView/PageView/PageMenuView/PageViewControllerCell.swift; sourceTree = "<group>"; };
		AB232E7522564D7600DB12AC /* PageMenuCell.swift */ = {isa = PBXFileReference; fileEncoding = 4; lastKnownFileType = sourcecode.swift; name = PageMenuCell.swift; path = ../../PageView/PageView/PageMenuView/PageMenuCell.swift; sourceTree = "<group>"; };
		AB232E7F22564E6300DB12AC /* Demo.app */ = {isa = PBXFileReference; explicitFileType = wrapper.application; includeInIndex = 0; path = Demo.app; sourceTree = BUILT_PRODUCTS_DIR; };
		AB232E8122564E6300DB12AC /* AppDelegate.swift */ = {isa = PBXFileReference; lastKnownFileType = sourcecode.swift; path = AppDelegate.swift; sourceTree = "<group>"; };
		AB232E8822564E6400DB12AC /* Assets.xcassets */ = {isa = PBXFileReference; lastKnownFileType = folder.assetcatalog; path = Assets.xcassets; sourceTree = "<group>"; };
		AB232E8B22564E6400DB12AC /* Base */ = {isa = PBXFileReference; lastKnownFileType = file.storyboard; name = Base; path = Base.lproj/LaunchScreen.storyboard; sourceTree = "<group>"; };
		AB232E8D22564E6400DB12AC /* Info.plist */ = {isa = PBXFileReference; lastKnownFileType = text.plist.xml; path = Info.plist; sourceTree = "<group>"; };
		AB232E9222564E6400DB12AC /* DemoUITests.xctest */ = {isa = PBXFileReference; explicitFileType = wrapper.cfbundle; includeInIndex = 0; path = DemoUITests.xctest; sourceTree = BUILT_PRODUCTS_DIR; };
		AB232E9622564E6400DB12AC /* DemoUITests.swift */ = {isa = PBXFileReference; lastKnownFileType = sourcecode.swift; path = DemoUITests.swift; sourceTree = "<group>"; };
		AB232E9822564E6400DB12AC /* Info.plist */ = {isa = PBXFileReference; lastKnownFileType = text.plist.xml; path = Info.plist; sourceTree = "<group>"; };
		AB232EA022564F0200DB12AC /* GroupViewController.swift */ = {isa = PBXFileReference; fileEncoding = 4; lastKnownFileType = sourcecode.swift; path = GroupViewController.swift; sourceTree = "<group>"; };
		AB232EA122564F0200DB12AC /* MessageViewController.swift */ = {isa = PBXFileReference; fileEncoding = 4; lastKnownFileType = sourcecode.swift; path = MessageViewController.swift; sourceTree = "<group>"; };
		AB232EA222564F0200DB12AC /* OnlineViewController.swift */ = {isa = PBXFileReference; fileEncoding = 4; lastKnownFileType = sourcecode.swift; path = OnlineViewController.swift; sourceTree = "<group>"; };
/* End PBXFileReference section */

/* Begin PBXFrameworksBuildPhase section */
		AB232E6322564D5C00DB12AC /* Frameworks */ = {
			isa = PBXFrameworksBuildPhase;
			buildActionMask = 2147483647;
			files = (
			);
			runOnlyForDeploymentPostprocessing = 0;
		};
		AB232E7C22564E6300DB12AC /* Frameworks */ = {
			isa = PBXFrameworksBuildPhase;
			buildActionMask = 2147483647;
			files = (
			);
			runOnlyForDeploymentPostprocessing = 0;
		};
		AB232E8F22564E6400DB12AC /* Frameworks */ = {
			isa = PBXFrameworksBuildPhase;
			buildActionMask = 2147483647;
			files = (
			);
			runOnlyForDeploymentPostprocessing = 0;
		};
/* End PBXFrameworksBuildPhase section */

/* Begin PBXGroup section */
		AB232E5C22564D5C00DB12AC = {
			isa = PBXGroup;
			children = (
				AB232E6822564D5C00DB12AC /* PageViewQ */,
				AB232E8022564E6300DB12AC /* Demo */,
				AB232E9522564E6400DB12AC /* DemoUITests */,
				AB232E6722564D5C00DB12AC /* Products */,
			);
			sourceTree = "<group>";
		};
		AB232E6722564D5C00DB12AC /* Products */ = {
			isa = PBXGroup;
			children = (
				AB232E6622564D5C00DB12AC /* PageViewQ.framework */,
				AB232E7F22564E6300DB12AC /* Demo.app */,
				AB232E9222564E6400DB12AC /* DemoUITests.xctest */,
			);
			name = Products;
			sourceTree = "<group>";
		};
		AB232E6822564D5C00DB12AC /* PageViewQ */ = {
			isa = PBXGroup;
			children = (
				AB232E6922564D5C00DB12AC /* PageViewQ.h */,
				AB232E7322564D7600DB12AC /* PageViewOption.swift */,
				AB232E7122564D7600DB12AC /* PageMenuView.swift */,
				AB232E7522564D7600DB12AC /* PageMenuCell.swift */,
				AB232E7222564D7600DB12AC /* PageViewController.swift */,
				AB232E7422564D7600DB12AC /* PageViewControllerCell.swift */,
				AB232E6A22564D5C00DB12AC /* Info.plist */,
			);
			path = PageViewQ;
			sourceTree = "<group>";
		};
		AB232E8022564E6300DB12AC /* Demo */ = {
			isa = PBXGroup;
			children = (
				AB232E8122564E6300DB12AC /* AppDelegate.swift */,
				AB232E9F22564F0200DB12AC /* ViewController */,
				AB232E8822564E6400DB12AC /* Assets.xcassets */,
				AB232E8A22564E6400DB12AC /* LaunchScreen.storyboard */,
				AB232E8D22564E6400DB12AC /* Info.plist */,
			);
			path = Demo;
			sourceTree = "<group>";
		};
		AB232E9522564E6400DB12AC /* DemoUITests */ = {
			isa = PBXGroup;
			children = (
				AB232E9622564E6400DB12AC /* DemoUITests.swift */,
				AB232E9822564E6400DB12AC /* Info.plist */,
			);
			path = DemoUITests;
			sourceTree = "<group>";
		};
		AB232E9F22564F0200DB12AC /* ViewController */ = {
			isa = PBXGroup;
			children = (
				AB232EA022564F0200DB12AC /* GroupViewController.swift */,
				AB232EA122564F0200DB12AC /* MessageViewController.swift */,
				AB232EA222564F0200DB12AC /* OnlineViewController.swift */,
			);
			path = ViewController;
			sourceTree = "<group>";
		};
/* End PBXGroup section */

/* Begin PBXHeadersBuildPhase section */
		AB232E6122564D5C00DB12AC /* Headers */ = {
			isa = PBXHeadersBuildPhase;
			buildActionMask = 2147483647;
			files = (
				AB232E6B22564D5C00DB12AC /* PageViewQ.h in Headers */,
			);
			runOnlyForDeploymentPostprocessing = 0;
		};
/* End PBXHeadersBuildPhase section */

/* Begin PBXNativeTarget section */
		AB232E6522564D5C00DB12AC /* PageViewQ */ = {
			isa = PBXNativeTarget;
			buildConfigurationList = AB232E6E22564D5C00DB12AC /* Build configuration list for PBXNativeTarget "PageViewQ" */;
			buildPhases = (
				AB232E6122564D5C00DB12AC /* Headers */,
				AB232E6222564D5C00DB12AC /* Sources */,
				AB232E6322564D5C00DB12AC /* Frameworks */,
				AB232E6422564D5C00DB12AC /* Resources */,
			);
			buildRules = (
			);
			dependencies = (
			);
			name = PageViewQ;
			productName = PageViewQ;
			productReference = AB232E6622564D5C00DB12AC /* PageViewQ.framework */;
			productType = "com.apple.product-type.framework";
		};
		AB232E7E22564E6300DB12AC /* Demo */ = {
			isa = PBXNativeTarget;
			buildConfigurationList = AB232E9922564E6400DB12AC /* Build configuration list for PBXNativeTarget "Demo" */;
			buildPhases = (
				AB232E7B22564E6300DB12AC /* Sources */,
				AB232E7C22564E6300DB12AC /* Frameworks */,
				AB232E7D22564E6300DB12AC /* Resources */,
			);
			buildRules = (
			);
			dependencies = (
			);
			name = Demo;
			productName = Demo;
			productReference = AB232E7F22564E6300DB12AC /* Demo.app */;
			productType = "com.apple.product-type.application";
		};
		AB232E9122564E6400DB12AC /* DemoUITests */ = {
			isa = PBXNativeTarget;
			buildConfigurationList = AB232E9C22564E6400DB12AC /* Build configuration list for PBXNativeTarget "DemoUITests" */;
			buildPhases = (
				AB232E8E22564E6400DB12AC /* Sources */,
				AB232E8F22564E6400DB12AC /* Frameworks */,
				AB232E9022564E6400DB12AC /* Resources */,
			);
			buildRules = (
			);
			dependencies = (
				AB232E9422564E6400DB12AC /* PBXTargetDependency */,
			);
			name = DemoUITests;
			productName = DemoUITests;
			productReference = AB232E9222564E6400DB12AC /* DemoUITests.xctest */;
			productType = "com.apple.product-type.bundle.ui-testing";
		};
/* End PBXNativeTarget section */

/* Begin PBXProject section */
		AB232E5D22564D5C00DB12AC /* Project object */ = {
			isa = PBXProject;
			attributes = {
				LastSwiftUpdateCheck = 1020;
				LastUpgradeCheck = 1020;
				ORGANIZATIONNAME = "QUỐC";
				TargetAttributes = {
					AB232E6522564D5C00DB12AC = {
						CreatedOnToolsVersion = 10.2;
					};
					AB232E7E22564E6300DB12AC = {
						CreatedOnToolsVersion = 10.2;
					};
					AB232E9122564E6400DB12AC = {
						CreatedOnToolsVersion = 10.2;
						TestTargetID = AB232E7E22564E6300DB12AC;
					};
				};
			};
			buildConfigurationList = AB232E6022564D5C00DB12AC /* Build configuration list for PBXProject "PageViewQ" */;
			compatibilityVersion = "Xcode 9.3";
			developmentRegion = en;
			hasScannedForEncodings = 0;
			knownRegions = (
				en,
				Base,
			);
			mainGroup = AB232E5C22564D5C00DB12AC;
			productRefGroup = AB232E6722564D5C00DB12AC /* Products */;
			projectDirPath = "";
			projectRoot = "";
			targets = (
				AB232E6522564D5C00DB12AC /* PageViewQ */,
				AB232E7E22564E6300DB12AC /* Demo */,
				AB232E9122564E6400DB12AC /* DemoUITests */,
			);
		};
/* End PBXProject section */

/* Begin PBXResourcesBuildPhase section */
		AB232E6422564D5C00DB12AC /* Resources */ = {
			isa = PBXResourcesBuildPhase;
			buildActionMask = 2147483647;
			files = (
			);
			runOnlyForDeploymentPostprocessing = 0;
		};
		AB232E7D22564E6300DB12AC /* Resources */ = {
			isa = PBXResourcesBuildPhase;
			buildActionMask = 2147483647;
			files = (
				AB232E8C22564E6400DB12AC /* LaunchScreen.storyboard in Resources */,
				AB232E8922564E6400DB12AC /* Assets.xcassets in Resources */,
			);
			runOnlyForDeploymentPostprocessing = 0;
		};
		AB232E9022564E6400DB12AC /* Resources */ = {
			isa = PBXResourcesBuildPhase;
			buildActionMask = 2147483647;
			files = (
			);
			runOnlyForDeploymentPostprocessing = 0;
		};
/* End PBXResourcesBuildPhase section */

/* Begin PBXSourcesBuildPhase section */
		AB232E6222564D5C00DB12AC /* Sources */ = {
			isa = PBXSourcesBuildPhase;
			buildActionMask = 2147483647;
			files = (
				AB232E7622564D7600DB12AC /* PageMenuView.swift in Sources */,
				AB232E7822564D7600DB12AC /* PageViewOption.swift in Sources */,
				AB232E7722564D7600DB12AC /* PageViewController.swift in Sources */,
				AB232E7A22564D7600DB12AC /* PageMenuCell.swift in Sources */,
				AB232E7922564D7600DB12AC /* PageViewControllerCell.swift in Sources */,
			);
			runOnlyForDeploymentPostprocessing = 0;
		};
		AB232E7B22564E6300DB12AC /* Sources */ = {
			isa = PBXSourcesBuildPhase;
			buildActionMask = 2147483647;
			files = (
				AB232EA322564F0200DB12AC /* GroupViewController.swift in Sources */,
				AB232EA522564F0200DB12AC /* OnlineViewController.swift in Sources */,
				AB232EA422564F0200DB12AC /* MessageViewController.swift in Sources */,
				AB232E8222564E6300DB12AC /* AppDelegate.swift in Sources */,
			);
			runOnlyForDeploymentPostprocessing = 0;
		};
		AB232E8E22564E6400DB12AC /* Sources */ = {
			isa = PBXSourcesBuildPhase;
			buildActionMask = 2147483647;
			files = (
				AB232E9722564E6400DB12AC /* DemoUITests.swift in Sources */,
			);
			runOnlyForDeploymentPostprocessing = 0;
		};
/* End PBXSourcesBuildPhase section */

/* Begin PBXTargetDependency section */
		AB232E9422564E6400DB12AC /* PBXTargetDependency */ = {
			isa = PBXTargetDependency;
			target = AB232E7E22564E6300DB12AC /* Demo */;
			targetProxy = AB232E9322564E6400DB12AC /* PBXContainerItemProxy */;
		};
/* End PBXTargetDependency section */

/* Begin PBXVariantGroup section */
		AB232E8A22564E6400DB12AC /* LaunchScreen.storyboard */ = {
			isa = PBXVariantGroup;
			children = (
				AB232E8B22564E6400DB12AC /* Base */,
			);
			name = LaunchScreen.storyboard;
			sourceTree = "<group>";
		};
/* End PBXVariantGroup section */

/* Begin XCBuildConfiguration section */
		AB232E6C22564D5C00DB12AC /* Debug */ = {
			isa = XCBuildConfiguration;
			buildSettings = {
				ALWAYS_SEARCH_USER_PATHS = NO;
				CLANG_ANALYZER_NONNULL = YES;
				CLANG_ANALYZER_NUMBER_OBJECT_CONVERSION = YES_AGGRESSIVE;
				CLANG_CXX_LANGUAGE_STANDARD = "gnu++14";
				CLANG_CXX_LIBRARY = "libc++";
				CLANG_ENABLE_MODULES = YES;
				CLANG_ENABLE_OBJC_ARC = YES;
				CLANG_ENABLE_OBJC_WEAK = YES;
				CLANG_WARN_BLOCK_CAPTURE_AUTORELEASING = YES;
				CLANG_WARN_BOOL_CONVERSION = YES;
				CLANG_WARN_COMMA = YES;
				CLANG_WARN_CONSTANT_CONVERSION = YES;
				CLANG_WARN_DEPRECATED_OBJC_IMPLEMENTATIONS = YES;
				CLANG_WARN_DIRECT_OBJC_ISA_USAGE = YES_ERROR;
				CLANG_WARN_DOCUMENTATION_COMMENTS = YES;
				CLANG_WARN_EMPTY_BODY = YES;
				CLANG_WARN_ENUM_CONVERSION = YES;
				CLANG_WARN_INFINITE_RECURSION = YES;
				CLANG_WARN_INT_CONVERSION = YES;
				CLANG_WARN_NON_LITERAL_NULL_CONVERSION = YES;
				CLANG_WARN_OBJC_IMPLICIT_RETAIN_SELF = YES;
				CLANG_WARN_OBJC_LITERAL_CONVERSION = YES;
				CLANG_WARN_OBJC_ROOT_CLASS = YES_ERROR;
				CLANG_WARN_RANGE_LOOP_ANALYSIS = YES;
				CLANG_WARN_STRICT_PROTOTYPES = YES;
				CLANG_WARN_SUSPICIOUS_MOVE = YES;
				CLANG_WARN_UNGUARDED_AVAILABILITY = YES_AGGRESSIVE;
				CLANG_WARN_UNREACHABLE_CODE = YES;
				CLANG_WARN__DUPLICATE_METHOD_MATCH = YES;
				CODE_SIGN_IDENTITY = "iPhone Developer";
				COPY_PHASE_STRIP = NO;
				CURRENT_PROJECT_VERSION = 1;
				DEBUG_INFORMATION_FORMAT = dwarf;
				ENABLE_STRICT_OBJC_MSGSEND = YES;
				ENABLE_TESTABILITY = YES;
				GCC_C_LANGUAGE_STANDARD = gnu11;
				GCC_DYNAMIC_NO_PIC = NO;
				GCC_NO_COMMON_BLOCKS = YES;
				GCC_OPTIMIZATION_LEVEL = 0;
				GCC_PREPROCESSOR_DEFINITIONS = (
					"DEBUG=1",
					"$(inherited)",
				);
				GCC_WARN_64_TO_32_BIT_CONVERSION = YES;
				GCC_WARN_ABOUT_RETURN_TYPE = YES_ERROR;
				GCC_WARN_UNDECLARED_SELECTOR = YES;
				GCC_WARN_UNINITIALIZED_AUTOS = YES_AGGRESSIVE;
				GCC_WARN_UNUSED_FUNCTION = YES;
				GCC_WARN_UNUSED_VARIABLE = YES;
				IPHONEOS_DEPLOYMENT_TARGET = 12.2;
				MTL_ENABLE_DEBUG_INFO = INCLUDE_SOURCE;
				MTL_FAST_MATH = YES;
				ONLY_ACTIVE_ARCH = YES;
				SDKROOT = iphoneos;
				SWIFT_ACTIVE_COMPILATION_CONDITIONS = DEBUG;
				SWIFT_OPTIMIZATION_LEVEL = "-Onone";
				VERSIONING_SYSTEM = "apple-generic";
				VERSION_INFO_PREFIX = "";
			};
			name = Debug;
		};
		AB232E6D22564D5C00DB12AC /* Release */ = {
			isa = XCBuildConfiguration;
			buildSettings = {
				ALWAYS_SEARCH_USER_PATHS = NO;
				CLANG_ANALYZER_NONNULL = YES;
				CLANG_ANALYZER_NUMBER_OBJECT_CONVERSION = YES_AGGRESSIVE;
				CLANG_CXX_LANGUAGE_STANDARD = "gnu++14";
				CLANG_CXX_LIBRARY = "libc++";
				CLANG_ENABLE_MODULES = YES;
				CLANG_ENABLE_OBJC_ARC = YES;
				CLANG_ENABLE_OBJC_WEAK = YES;
				CLANG_WARN_BLOCK_CAPTURE_AUTORELEASING = YES;
				CLANG_WARN_BOOL_CONVERSION = YES;
				CLANG_WARN_COMMA = YES;
				CLANG_WARN_CONSTANT_CONVERSION = YES;
				CLANG_WARN_DEPRECATED_OBJC_IMPLEMENTATIONS = YES;
				CLANG_WARN_DIRECT_OBJC_ISA_USAGE = YES_ERROR;
				CLANG_WARN_DOCUMENTATION_COMMENTS = YES;
				CLANG_WARN_EMPTY_BODY = YES;
				CLANG_WARN_ENUM_CONVERSION = YES;
				CLANG_WARN_INFINITE_RECURSION = YES;
				CLANG_WARN_INT_CONVERSION = YES;
				CLANG_WARN_NON_LITERAL_NULL_CONVERSION = YES;
				CLANG_WARN_OBJC_IMPLICIT_RETAIN_SELF = YES;
				CLANG_WARN_OBJC_LITERAL_CONVERSION = YES;
				CLANG_WARN_OBJC_ROOT_CLASS = YES_ERROR;
				CLANG_WARN_RANGE_LOOP_ANALYSIS = YES;
				CLANG_WARN_STRICT_PROTOTYPES = YES;
				CLANG_WARN_SUSPICIOUS_MOVE = YES;
				CLANG_WARN_UNGUARDED_AVAILABILITY = YES_AGGRESSIVE;
				CLANG_WARN_UNREACHABLE_CODE = YES;
				CLANG_WARN__DUPLICATE_METHOD_MATCH = YES;
				CODE_SIGN_IDENTITY = "iPhone Developer";
				COPY_PHASE_STRIP = NO;
				CURRENT_PROJECT_VERSION = 1;
				DEBUG_INFORMATION_FORMAT = "dwarf-with-dsym";
				ENABLE_NS_ASSERTIONS = NO;
				ENABLE_STRICT_OBJC_MSGSEND = YES;
				GCC_C_LANGUAGE_STANDARD = gnu11;
				GCC_NO_COMMON_BLOCKS = YES;
				GCC_WARN_64_TO_32_BIT_CONVERSION = YES;
				GCC_WARN_ABOUT_RETURN_TYPE = YES_ERROR;
				GCC_WARN_UNDECLARED_SELECTOR = YES;
				GCC_WARN_UNINITIALIZED_AUTOS = YES_AGGRESSIVE;
				GCC_WARN_UNUSED_FUNCTION = YES;
				GCC_WARN_UNUSED_VARIABLE = YES;
				IPHONEOS_DEPLOYMENT_TARGET = 12.2;
				MTL_ENABLE_DEBUG_INFO = NO;
				MTL_FAST_MATH = YES;
				SDKROOT = iphoneos;
				SWIFT_COMPILATION_MODE = wholemodule;
				SWIFT_OPTIMIZATION_LEVEL = "-O";
				VALIDATE_PRODUCT = YES;
				VERSIONING_SYSTEM = "apple-generic";
				VERSION_INFO_PREFIX = "";
			};
			name = Release;
		};
		AB232E6F22564D5C00DB12AC /* Debug */ = {
			isa = XCBuildConfiguration;
			buildSettings = {
				CODE_SIGN_IDENTITY = "";
				CODE_SIGN_STYLE = Automatic;
				DEFINES_MODULE = YES;
				DEVELOPMENT_TEAM = DGFP28D4W6;
				DYLIB_COMPATIBILITY_VERSION = 1;
				DYLIB_CURRENT_VERSION = 1;
				DYLIB_INSTALL_NAME_BASE = "@rpath";
				INFOPLIST_FILE = PageViewQ/Info.plist;
				INSTALL_PATH = "$(LOCAL_LIBRARY_DIR)/Frameworks";
				LD_RUNPATH_SEARCH_PATHS = (
					"$(inherited)",
					"@executable_path/Frameworks",
					"@loader_path/Frameworks",
				);
				PRODUCT_BUNDLE_IDENTIFIER = abc.PageViewQ;
				PRODUCT_NAME = "$(TARGET_NAME:c99extidentifier)";
				SKIP_INSTALL = YES;
				SWIFT_VERSION = 5.0;
				TARGETED_DEVICE_FAMILY = "1,2";
			};
			name = Debug;
		};
		AB232E7022564D5C00DB12AC /* Release */ = {
			isa = XCBuildConfiguration;
			buildSettings = {
				CODE_SIGN_IDENTITY = "";
				CODE_SIGN_STYLE = Automatic;
				DEFINES_MODULE = YES;
				DEVELOPMENT_TEAM = DGFP28D4W6;
				DYLIB_COMPATIBILITY_VERSION = 1;
				DYLIB_CURRENT_VERSION = 1;
				DYLIB_INSTALL_NAME_BASE = "@rpath";
				INFOPLIST_FILE = PageViewQ/Info.plist;
				INSTALL_PATH = "$(LOCAL_LIBRARY_DIR)/Frameworks";
				LD_RUNPATH_SEARCH_PATHS = (
					"$(inherited)",
					"@executable_path/Frameworks",
					"@loader_path/Frameworks",
				);
				PRODUCT_BUNDLE_IDENTIFIER = abc.PageViewQ;
				PRODUCT_NAME = "$(TARGET_NAME:c99extidentifier)";
				SKIP_INSTALL = YES;
				SWIFT_VERSION = 5.0;
				TARGETED_DEVICE_FAMILY = "1,2";
			};
			name = Release;
		};
		AB232E9A22564E6400DB12AC /* Debug */ = {
			isa = XCBuildConfiguration;
			buildSettings = {
				ASSETCATALOG_COMPILER_APPICON_NAME = AppIcon;
				CODE_SIGN_STYLE = Automatic;
				DEVELOPMENT_TEAM = DGFP28D4W6;
				INFOPLIST_FILE = Demo/Info.plist;
				LD_RUNPATH_SEARCH_PATHS = (
					"$(inherited)",
					"@executable_path/Frameworks",
				);
				PRODUCT_BUNDLE_IDENTIFIER = abc.Demo;
				PRODUCT_NAME = "$(TARGET_NAME)";
				SWIFT_VERSION = 5.0;
				TARGETED_DEVICE_FAMILY = "1,2";
			};
			name = Debug;
		};
		AB232E9B22564E6400DB12AC /* Release */ = {
			isa = XCBuildConfiguration;
			buildSettings = {
				ASSETCATALOG_COMPILER_APPICON_NAME = AppIcon;
				CODE_SIGN_STYLE = Automatic;
				DEVELOPMENT_TEAM = DGFP28D4W6;
				INFOPLIST_FILE = Demo/Info.plist;
				LD_RUNPATH_SEARCH_PATHS = (
					"$(inherited)",
					"@executable_path/Frameworks",
				);
				PRODUCT_BUNDLE_IDENTIFIER = abc.Demo;
				PRODUCT_NAME = "$(TARGET_NAME)";
				SWIFT_VERSION = 5.0;
				TARGETED_DEVICE_FAMILY = "1,2";
			};
			name = Release;
		};
		AB232E9D22564E6400DB12AC /* Debug */ = {
			isa = XCBuildConfiguration;
			buildSettings = {
				ALWAYS_EMBED_SWIFT_STANDARD_LIBRARIES = YES;
				CODE_SIGN_STYLE = Automatic;
				DEVELOPMENT_TEAM = DGFP28D4W6;
				INFOPLIST_FILE = DemoUITests/Info.plist;
				LD_RUNPATH_SEARCH_PATHS = (
					"$(inherited)",
					"@executable_path/Frameworks",
					"@loader_path/Frameworks",
				);
				PRODUCT_BUNDLE_IDENTIFIER = abc.DemoUITests;
				PRODUCT_NAME = "$(TARGET_NAME)";
				SKIP_INSTALL = NO;
				SWIFT_VERSION = 5.0;
				TARGETED_DEVICE_FAMILY = "1,2";
				TEST_TARGET_NAME = Demo;
			};
			name = Debug;
		};
		AB232E9E22564E6400DB12AC /* Release */ = {
			isa = XCBuildConfiguration;
			buildSettings = {
				ALWAYS_EMBED_SWIFT_STANDARD_LIBRARIES = YES;
				CODE_SIGN_STYLE = Automatic;
				DEVELOPMENT_TEAM = DGFP28D4W6;
				INFOPLIST_FILE = DemoUITests/Info.plist;
				LD_RUNPATH_SEARCH_PATHS = (
					"$(inherited)",
					"@executable_path/Frameworks",
					"@loader_path/Frameworks",
				);
				PRODUCT_BUNDLE_IDENTIFIER = abc.DemoUITests;
				PRODUCT_NAME = "$(TARGET_NAME)";
				SKIP_INSTALL = NO;
				SWIFT_VERSION = 5.0;
				TARGETED_DEVICE_FAMILY = "1,2";
				TEST_TARGET_NAME = Demo;
			};
			name = Release;
		};
/* End XCBuildConfiguration section */

/* Begin XCConfigurationList section */
		AB232E6022564D5C00DB12AC /* Build configuration list for PBXProject "PageViewQ" */ = {
			isa = XCConfigurationList;
			buildConfigurations = (
				AB232E6C22564D5C00DB12AC /* Debug */,
				AB232E6D22564D5C00DB12AC /* Release */,
			);
			defaultConfigurationIsVisible = 0;
			defaultConfigurationName = Release;
		};
		AB232E6E22564D5C00DB12AC /* Build configuration list for PBXNativeTarget "PageViewQ" */ = {
			isa = XCConfigurationList;
			buildConfigurations = (
				AB232E6F22564D5C00DB12AC /* Debug */,
				AB232E7022564D5C00DB12AC /* Release */,
			);
			defaultConfigurationIsVisible = 0;
			defaultConfigurationName = Release;
		};
		AB232E9922564E6400DB12AC /* Build configuration list for PBXNativeTarget "Demo" */ = {
			isa = XCConfigurationList;
			buildConfigurations = (
				AB232E9A22564E6400DB12AC /* Debug */,
				AB232E9B22564E6400DB12AC /* Release */,
			);
			defaultConfigurationIsVisible = 0;
			defaultConfigurationName = Release;
		};
		AB232E9C22564E6400DB12AC /* Build configuration list for PBXNativeTarget "DemoUITests" */ = {
			isa = XCConfigurationList;
			buildConfigurations = (
				AB232E9D22564E6400DB12AC /* Debug */,
				AB232E9E22564E6400DB12AC /* Release */,
			);
			defaultConfigurationIsVisible = 0;
			defaultConfigurationName = Release;
		};
/* End XCConfigurationList section */
	};
	rootObject = AB232E5D22564D5C00DB12AC /* Project object */;
}
